
Microsoft Visual Studio Solution File, Format Version 12.00
# Visual Studio Version 17
VisualStudioVersion = 17.5.33414.496
MinimumVisualStudioVersion = 10.0.40219.1
Project("{FAE04EC0-301F-11D3-BF4B-00C04F79EFBC}") = "Minimal.API.Tutorial", "Minimal.API.Tutorial\Minimal.API.Tutorial.csproj", "{79A7DD91-1A9B-4F47-B8D5-9458FEE5DEF5}"
EndProject
Global
	GlobalSection(SolutionConfigurationPlatforms) = preSolution
		Debug|Any CPU = Debug|Any CPU
		Release|Any CPU = Release|Any CPU
	EndGlobalSection
	GlobalSection(ProjectConfigurationPlatforms) = postSolution
		{79A7DD91-1A9B-4F47-B8D5-9458FEE5DEF5}.Debug|Any CPU.ActiveCfg = Debug|Any CPU
		{79A7DD91-1A9B-4F47-B8D5-9458FEE5DEF5}.Debug|Any CPU.Build.0 = Debug|Any CPU
		{79A7DD91-1A9B-4F47-B8D5-9458FEE5DEF5}.Release|Any CPU.ActiveCfg = Release|Any CPU
		{79A7DD91-1A9B-4F47-B8D5-9458FEE5DEF5}.Release|Any CPU.Build.0 = Release|Any CPU
	EndGlobalSection
	GlobalSection(SolutionProperties) = preSolution
		HideSolutionNode = FALSE
	EndGlobalSection
	GlobalSection(ExtensibilityGlobals) = postSolution
		SolutionGuid = {C2D5BE4E-BB5D-4D95-874C-7E509CF2849A}
	EndGlobalSection
EndGlobal
